
Microsoft Visual Studio Solution File, Format Version 12.00
# Visual Studio Version 17
VisualStudioVersion = 17.14.36109.1 d17.14
MinimumVisualStudioVersion = 10.0.40219.1
Project("{FAE04EC0-301F-11D3-BF4B-00C04F79EFBC}") = "BTVN", "BTVN\BTVN.csproj", "{8D6AF4C9-E7CF-4245-AE96-6B5E6EBA328B}"
EndProject
Global
	GlobalSection(SolutionConfigurationPlatforms) = preSolution
		Debug|Any CPU = Debug|Any CPU
		Release|Any CPU = Release|Any CPU
	EndGlobalSection
	GlobalSection(ProjectConfigurationPlatforms) = postSolution
		{8D6AF4C9-E7CF-4245-AE96-6B5E6EBA328B}.Debug|Any CPU.ActiveCfg = Debug|Any CPU
		{8D6AF4C9-E7CF-4245-AE96-6B5E6EBA328B}.Debug|Any CPU.Build.0 = Debug|Any CPU
		{8D6AF4C9-E7CF-4245-AE96-6B5E6EBA328B}.Release|Any CPU.ActiveCfg = Release|Any CPU
		{8D6AF4C9-E7CF-4245-AE96-6B5E6EBA328B}.Release|Any CPU.Build.0 = Release|Any CPU
	EndGlobalSection
	GlobalSection(SolutionProperties) = preSolution
		HideSolutionNode = FALSE
	EndGlobalSection
	GlobalSection(ExtensibilityGlobals) = postSolution
		SolutionGuid = {39F8D29B-0AAF-464E-8B04-A91368951CBB}
	EndGlobalSection
EndGlobal
